// !$*UTF8*$!
{
	archiveVersion = 1;
	classes = {
	};
	objectVersion = 48;
	objects = {

/* Begin PBXBuildFile section */
		167FDD52C1CE1035E3174C0B /* Pods_Blubyn.framework in Frameworks */ = {isa = PBXBuildFile; fileRef = A0F07E52677C77E94D50102B /* Pods_Blubyn.framework */; };
		4000C1D2202EFB530075BD1B /* GoogleService-Info.plist in Resources */ = {isa = PBXBuildFile; fileRef = 4000C1D1202EFB530075BD1B /* GoogleService-Info.plist */; };
		4000C1D4202F425E0075BD1B /* AppConstants.swift in Sources */ = {isa = PBXBuildFile; fileRef = 4000C1D3202F425E0075BD1B /* AppConstants.swift */; };
		4000C1D720300D630075BD1B /* Network.swift in Sources */ = {isa = PBXBuildFile; fileRef = 4000C1D520300D630075BD1B /* Network.swift */; };
		4000C1D820300D630075BD1B /* WheelstreetViews.swift in Sources */ = {isa = PBXBuildFile; fileRef = 4000C1D620300D630075BD1B /* WheelstreetViews.swift */; };
		401724B920233A81008F24BD /* AppDelegate.swift in Sources */ = {isa = PBXBuildFile; fileRef = 401724B820233A81008F24BD /* AppDelegate.swift */; };
		401724BB20233A81008F24BD /* LoginViewController.swift in Sources */ = {isa = PBXBuildFile; fileRef = 401724BA20233A81008F24BD /* LoginViewController.swift */; };
		401724BE20233A81008F24BD /* Main.storyboard in Resources */ = {isa = PBXBuildFile; fileRef = 401724BC20233A81008F24BD /* Main.storyboard */; };
		401724C020233A81008F24BD /* Assets.xcassets in Resources */ = {isa = PBXBuildFile; fileRef = 401724BF20233A81008F24BD /* Assets.xcassets */; };
		401724C320233A81008F24BD /* LaunchScreen.storyboard in Resources */ = {isa = PBXBuildFile; fileRef = 401724C120233A81008F24BD /* LaunchScreen.storyboard */; };
		4039760620249409000A3AF2 /* ChatLogController.swift in Sources */ = {isa = PBXBuildFile; fileRef = 4039760520249409000A3AF2 /* ChatLogController.swift */; };
		407749CE2028AA6000B4515A /* OneWayFlightViewCell.swift in Sources */ = {isa = PBXBuildFile; fileRef = 407749CC2028AA6000B4515A /* OneWayFlightViewCell.swift */; };
		407749CF2028AA6000B4515A /* OneWayFlightViewCell.xib in Resources */ = {isa = PBXBuildFile; fileRef = 407749CD2028AA6000B4515A /* OneWayFlightViewCell.xib */; };
		4095E3CA2025BC760088A80F /* SideBarTableViewController.swift in Sources */ = {isa = PBXBuildFile; fileRef = 4095E3C82025BC750088A80F /* SideBarTableViewController.swift */; };
		4095E3CB2025BC760088A80F /* SideBar.swift in Sources */ = {isa = PBXBuildFile; fileRef = 4095E3C92025BC760088A80F /* SideBar.swift */; };
		4095E3CE2025E0F10088A80F /* ProfileViewController.swift in Sources */ = {isa = PBXBuildFile; fileRef = 4095E3CC2025E0F10088A80F /* ProfileViewController.swift */; };
		40ADAB672025F9E7000DD816 /* JSTextField.swift in Sources */ = {isa = PBXBuildFile; fileRef = 40ADAB662025F9E7000DD816 /* JSTextField.swift */; };
		40ADAB692025FC7F000DD816 /* TextFieldEffects.swift in Sources */ = {isa = PBXBuildFile; fileRef = 40ADAB682025FC7E000DD816 /* TextFieldEffects.swift */; };
		40ADAB6B2026C553000DD816 /* SettingsTableViewController.swift in Sources */ = {isa = PBXBuildFile; fileRef = 40ADAB6A2026C553000DD816 /* SettingsTableViewController.swift */; };
		40ADAB72202785AA000DD816 /* ActivityIndicator.swift in Sources */ = {isa = PBXBuildFile; fileRef = 40ADAB6C202785A8000DD816 /* ActivityIndicator.swift */; };
		40ADAB73202785AA000DD816 /* PulseAnimation.swift in Sources */ = {isa = PBXBuildFile; fileRef = 40ADAB6D202785A9000DD816 /* PulseAnimation.swift */; };
		40ADAB74202785AA000DD816 /* Utils.swift in Sources */ = {isa = PBXBuildFile; fileRef = 40ADAB6E202785A9000DD816 /* Utils.swift */; };
		40ADAB75202785AA000DD816 /* Toast.swift in Sources */ = {isa = PBXBuildFile; fileRef = 40ADAB6F202785AA000DD816 /* Toast.swift */; };
		40ADAB76202785AA000DD816 /* DeviceSizes.swift in Sources */ = {isa = PBXBuildFile; fileRef = 40ADAB70202785AA000DD816 /* DeviceSizes.swift */; };
		40ADAB77202785AA000DD816 /* Extensions.swift in Sources */ = {isa = PBXBuildFile; fileRef = 40ADAB71202785AA000DD816 /* Extensions.swift */; };
		40ADAB832027861D000DD816 /* UIView+Reusable.swift in Sources */ = {isa = PBXBuildFile; fileRef = 40ADAB7C2027861C000DD816 /* UIView+Reusable.swift */; };
		40ADAB842027861D000DD816 /* SwiftyJSON.swift in Sources */ = {isa = PBXBuildFile; fileRef = 40ADAB7D2027861D000DD816 /* SwiftyJSON.swift */; };
		40ADAB852027861D000DD816 /* Location.swift in Sources */ = {isa = PBXBuildFile; fileRef = 40ADAB7E2027861D000DD816 /* Location.swift */; };
		40ADAB862027861D000DD816 /* Reachability.swift in Sources */ = {isa = PBXBuildFile; fileRef = 40ADAB7F2027861D000DD816 /* Reachability.swift */; };
		40ADAB8A20279391000DD816 /* ChatMessagesCell.swift in Sources */ = {isa = PBXBuildFile; fileRef = 40ADAB8920279391000DD816 /* ChatMessagesCell.swift */; };
		40C010E82029725400E113D8 /* TwoWayFlightViewCell.swift in Sources */ = {isa = PBXBuildFile; fileRef = 40C010E62029725400E113D8 /* TwoWayFlightViewCell.swift */; };
		40C010E92029725400E113D8 /* TwoWayFlightViewCell.xib in Resources */ = {isa = PBXBuildFile; fileRef = 40C010E72029725400E113D8 /* TwoWayFlightViewCell.xib */; };
/* End PBXBuildFile section */

/* Begin PBXFileReference section */
		23DF05E6E384076C5DE26A02 /* Pods-Blubyn.release.xcconfig */ = {isa = PBXFileReference; includeInIndex = 1; lastKnownFileType = text.xcconfig; name = "Pods-Blubyn.release.xcconfig"; path = "Pods/Target Support Files/Pods-Blubyn/Pods-Blubyn.release.xcconfig"; sourceTree = "<group>"; };
		4000C1D1202EFB530075BD1B /* GoogleService-Info.plist */ = {isa = PBXFileReference; fileEncoding = 4; lastKnownFileType = text.plist.xml; path = "GoogleService-Info.plist"; sourceTree = "<group>"; };
		4000C1D3202F425E0075BD1B /* AppConstants.swift */ = {isa = PBXFileReference; lastKnownFileType = sourcecode.swift; path = AppConstants.swift; sourceTree = "<group>"; };
		4000C1D520300D630075BD1B /* Network.swift */ = {isa = PBXFileReference; fileEncoding = 4; lastKnownFileType = sourcecode.swift; path = Network.swift; sourceTree = "<group>"; };
		4000C1D620300D630075BD1B /* WheelstreetViews.swift */ = {isa = PBXFileReference; fileEncoding = 4; lastKnownFileType = sourcecode.swift; path = WheelstreetViews.swift; sourceTree = "<group>"; };
		400120612023855E0088B283 /* Blubyn.entitlements */ = {isa = PBXFileReference; lastKnownFileType = text.plist.entitlements; path = Blubyn.entitlements; sourceTree = "<group>"; };
		401724B520233A81008F24BD /* Blubyn.app */ = {isa = PBXFileReference; explicitFileType = wrapper.application; includeInIndex = 0; path = Blubyn.app; sourceTree = BUILT_PRODUCTS_DIR; };
		401724B820233A81008F24BD /* AppDelegate.swift */ = {isa = PBXFileReference; lastKnownFileType = sourcecode.swift; path = AppDelegate.swift; sourceTree = "<group>"; };
		401724BA20233A81008F24BD /* LoginViewController.swift */ = {isa = PBXFileReference; lastKnownFileType = sourcecode.swift; path = LoginViewController.swift; sourceTree = "<group>"; };
		401724BD20233A81008F24BD /* Base */ = {isa = PBXFileReference; lastKnownFileType = file.storyboard; name = Base; path = Base.lproj/Main.storyboard; sourceTree = "<group>"; };
		401724BF20233A81008F24BD /* Assets.xcassets */ = {isa = PBXFileReference; lastKnownFileType = folder.assetcatalog; path = Assets.xcassets; sourceTree = "<group>"; };
		401724C220233A81008F24BD /* Base */ = {isa = PBXFileReference; lastKnownFileType = file.storyboard; name = Base; path = Base.lproj/LaunchScreen.storyboard; sourceTree = "<group>"; };
		401724C420233A81008F24BD /* Info.plist */ = {isa = PBXFileReference; lastKnownFileType = text.plist.xml; path = Info.plist; sourceTree = "<group>"; };
		4039760520249409000A3AF2 /* ChatLogController.swift */ = {isa = PBXFileReference; lastKnownFileType = sourcecode.swift; path = ChatLogController.swift; sourceTree = "<group>"; };
		407749CC2028AA6000B4515A /* OneWayFlightViewCell.swift */ = {isa = PBXFileReference; lastKnownFileType = sourcecode.swift; path = OneWayFlightViewCell.swift; sourceTree = "<group>"; };
		407749CD2028AA6000B4515A /* OneWayFlightViewCell.xib */ = {isa = PBXFileReference; lastKnownFileType = file.xib; path = OneWayFlightViewCell.xib; sourceTree = "<group>"; };
		4095E3C82025BC750088A80F /* SideBarTableViewController.swift */ = {isa = PBXFileReference; fileEncoding = 4; lastKnownFileType = sourcecode.swift; path = SideBarTableViewController.swift; sourceTree = "<group>"; };
		4095E3C92025BC760088A80F /* SideBar.swift */ = {isa = PBXFileReference; fileEncoding = 4; lastKnownFileType = sourcecode.swift; path = SideBar.swift; sourceTree = "<group>"; };
		4095E3CC2025E0F10088A80F /* ProfileViewController.swift */ = {isa = PBXFileReference; lastKnownFileType = sourcecode.swift; path = ProfileViewController.swift; sourceTree = "<group>"; };
		40ADAB662025F9E7000DD816 /* JSTextField.swift */ = {isa = PBXFileReference; lastKnownFileType = sourcecode.swift; path = JSTextField.swift; sourceTree = "<group>"; };
		40ADAB682025FC7E000DD816 /* TextFieldEffects.swift */ = {isa = PBXFileReference; lastKnownFileType = sourcecode.swift; path = TextFieldEffects.swift; sourceTree = "<group>"; };
		40ADAB6A2026C553000DD816 /* SettingsTableViewController.swift */ = {isa = PBXFileReference; lastKnownFileType = sourcecode.swift; path = SettingsTableViewController.swift; sourceTree = "<group>"; };
		40ADAB6C202785A8000DD816 /* ActivityIndicator.swift */ = {isa = PBXFileReference; lastKnownFileType = sourcecode.swift; path = ActivityIndicator.swift; sourceTree = "<group>"; };
		40ADAB6D202785A9000DD816 /* PulseAnimation.swift */ = {isa = PBXFileReference; lastKnownFileType = sourcecode.swift; path = PulseAnimation.swift; sourceTree = "<group>"; };
		40ADAB6E202785A9000DD816 /* Utils.swift */ = {isa = PBXFileReference; lastKnownFileType = sourcecode.swift; path = Utils.swift; sourceTree = "<group>"; };
		40ADAB6F202785AA000DD816 /* Toast.swift */ = {isa = PBXFileReference; lastKnownFileType = sourcecode.swift; path = Toast.swift; sourceTree = "<group>"; };
		40ADAB70202785AA000DD816 /* DeviceSizes.swift */ = {isa = PBXFileReference; lastKnownFileType = sourcecode.swift; path = DeviceSizes.swift; sourceTree = "<group>"; };
		40ADAB71202785AA000DD816 /* Extensions.swift */ = {isa = PBXFileReference; lastKnownFileType = sourcecode.swift; path = Extensions.swift; sourceTree = "<group>"; };
		40ADAB7C2027861C000DD816 /* UIView+Reusable.swift */ = {isa = PBXFileReference; lastKnownFileType = sourcecode.swift; path = "UIView+Reusable.swift"; sourceTree = "<group>"; };
		40ADAB7D2027861D000DD816 /* SwiftyJSON.swift */ = {isa = PBXFileReference; lastKnownFileType = sourcecode.swift; path = SwiftyJSON.swift; sourceTree = "<group>"; };
		40ADAB7E2027861D000DD816 /* Location.swift */ = {isa = PBXFileReference; lastKnownFileType = sourcecode.swift; path = Location.swift; sourceTree = "<group>"; };
		40ADAB7F2027861D000DD816 /* Reachability.swift */ = {isa = PBXFileReference; lastKnownFileType = sourcecode.swift; path = Reachability.swift; sourceTree = "<group>"; };
		40ADAB8920279391000DD816 /* ChatMessagesCell.swift */ = {isa = PBXFileReference; lastKnownFileType = sourcecode.swift; path = ChatMessagesCell.swift; sourceTree = "<group>"; };
		40C010E62029725400E113D8 /* TwoWayFlightViewCell.swift */ = {isa = PBXFileReference; lastKnownFileType = sourcecode.swift; path = TwoWayFlightViewCell.swift; sourceTree = "<group>"; };
		40C010E72029725400E113D8 /* TwoWayFlightViewCell.xib */ = {isa = PBXFileReference; lastKnownFileType = file.xib; path = TwoWayFlightViewCell.xib; sourceTree = "<group>"; };
		A0F07E52677C77E94D50102B /* Pods_Blubyn.framework */ = {isa = PBXFileReference; explicitFileType = wrapper.framework; includeInIndex = 0; path = Pods_Blubyn.framework; sourceTree = BUILT_PRODUCTS_DIR; };
		F481D7FCD3FC9211A4D2EDEB /* Pods-Blubyn.debug.xcconfig */ = {isa = PBXFileReference; includeInIndex = 1; lastKnownFileType = text.xcconfig; name = "Pods-Blubyn.debug.xcconfig"; path = "Pods/Target Support Files/Pods-Blubyn/Pods-Blubyn.debug.xcconfig"; sourceTree = "<group>"; };
/* End PBXFileReference section */

/* Begin PBXFrameworksBuildPhase section */
		401724B220233A80008F24BD /* Frameworks */ = {
			isa = PBXFrameworksBuildPhase;
			buildActionMask = 2147483647;
			files = (
				167FDD52C1CE1035E3174C0B /* Pods_Blubyn.framework in Frameworks */,
			);
			runOnlyForDeploymentPostprocessing = 0;
		};
/* End PBXFrameworksBuildPhase section */

/* Begin PBXGroup section */
		01674B806C6B5A45E0FF1338 /* Frameworks */ = {
			isa = PBXGroup;
			children = (
				A0F07E52677C77E94D50102B /* Pods_Blubyn.framework */,
			);
			name = Frameworks;
			sourceTree = "<group>";
		};
		401724AC20233A80008F24BD = {
			isa = PBXGroup;
			children = (
				401724B720233A81008F24BD /* Blubyn */,
				401724B620233A81008F24BD /* Products */,
				990C5DCE890556F839E16F67 /* Pods */,
				01674B806C6B5A45E0FF1338 /* Frameworks */,
			);
			sourceTree = "<group>";
		};
		401724B620233A81008F24BD /* Products */ = {
			isa = PBXGroup;
			children = (
				401724B520233A81008F24BD /* Blubyn.app */,
			);
			name = Products;
			sourceTree = "<group>";
		};
		401724B720233A81008F24BD /* Blubyn */ = {
			isa = PBXGroup;
			children = (
				401724B820233A81008F24BD /* AppDelegate.swift */,
				405A7AF82025B1A100FE5A9F /* SideBar */,
				40ADAB8B2027939F000DD816 /* Views */,
				4039760420248C58000A3AF2 /* Controllers */,
				401724BC20233A81008F24BD /* Main.storyboard */,
				40ADAB88202786D7000DD816 /* Supporting Files */,
				40ADAB872027862C000DD816 /* Services */,
				40ADAB78202785BA000DD816 /* Utilities */,
				4095E3D12025E2190088A80F /* Resources */,
			);
			path = Blubyn;
			sourceTree = "<group>";
		};
		4039760420248C58000A3AF2 /* Controllers */ = {
			isa = PBXGroup;
			children = (
				401724BA20233A81008F24BD /* LoginViewController.swift */,
				4039760520249409000A3AF2 /* ChatLogController.swift */,
				4095E3CC2025E0F10088A80F /* ProfileViewController.swift */,
				40ADAB6A2026C553000DD816 /* SettingsTableViewController.swift */,
			);
			path = Controllers;
			sourceTree = "<group>";
		};
		405A7AF82025B1A100FE5A9F /* SideBar */ = {
			isa = PBXGroup;
			children = (
				4095E3C92025BC760088A80F /* SideBar.swift */,
				4095E3C82025BC750088A80F /* SideBarTableViewController.swift */,
			);
			path = SideBar;
			sourceTree = "<group>";
		};
		4095E3D12025E2190088A80F /* Resources */ = {
			isa = PBXGroup;
			children = (
				401724BF20233A81008F24BD /* Assets.xcassets */,
			);
			path = Resources;
			sourceTree = "<group>";
		};
		40ADAB78202785BA000DD816 /* Utilities */ = {
			isa = PBXGroup;
			children = (
				40ADAB662025F9E7000DD816 /* JSTextField.swift */,
				40ADAB682025FC7E000DD816 /* TextFieldEffects.swift */,
				40ADAB6C202785A8000DD816 /* ActivityIndicator.swift */,
				40ADAB70202785AA000DD816 /* DeviceSizes.swift */,
				40ADAB71202785AA000DD816 /* Extensions.swift */,
				40ADAB6D202785A9000DD816 /* PulseAnimation.swift */,
				40ADAB6F202785AA000DD816 /* Toast.swift */,
				40ADAB6E202785A9000DD816 /* Utils.swift */,
			);
			name = Utilities;
			path = "New Group";
			sourceTree = "<group>";
		};
		40ADAB872027862C000DD816 /* Services */ = {
			isa = PBXGroup;
			children = (
				4000C1D520300D630075BD1B /* Network.swift */,
				4000C1D620300D630075BD1B /* WheelstreetViews.swift */,
				40ADAB7E2027861D000DD816 /* Location.swift */,
				40ADAB7F2027861D000DD816 /* Reachability.swift */,
				40ADAB7D2027861D000DD816 /* SwiftyJSON.swift */,
				40ADAB7C2027861C000DD816 /* UIView+Reusable.swift */,
				4000C1D3202F425E0075BD1B /* AppConstants.swift */,
			);
			path = Services;
			sourceTree = "<group>";
		};
		40ADAB88202786D7000DD816 /* Supporting Files */ = {
			isa = PBXGroup;
			children = (
				400120612023855E0088B283 /* Blubyn.entitlements */,
				401724C120233A81008F24BD /* LaunchScreen.storyboard */,
				401724C420233A81008F24BD /* Info.plist */,
				4000C1D1202EFB530075BD1B /* GoogleService-Info.plist */,
			);
			path = "Supporting Files";
			sourceTree = "<group>";
		};
		40ADAB8B2027939F000DD816 /* Views */ = {
			isa = PBXGroup;
			children = (
				40ADAB8920279391000DD816 /* ChatMessagesCell.swift */,
				407749CC2028AA6000B4515A /* OneWayFlightViewCell.swift */,
				407749CD2028AA6000B4515A /* OneWayFlightViewCell.xib */,
				40C010E62029725400E113D8 /* TwoWayFlightViewCell.swift */,
				40C010E72029725400E113D8 /* TwoWayFlightViewCell.xib */,
			);
			path = Views;
			sourceTree = "<group>";
		};
		990C5DCE890556F839E16F67 /* Pods */ = {
			isa = PBXGroup;
			children = (
				F481D7FCD3FC9211A4D2EDEB /* Pods-Blubyn.debug.xcconfig */,
				23DF05E6E384076C5DE26A02 /* Pods-Blubyn.release.xcconfig */,
			);
			name = Pods;
			sourceTree = "<group>";
		};
/* End PBXGroup section */

/* Begin PBXNativeTarget section */
		401724B420233A80008F24BD /* Blubyn */ = {
			isa = PBXNativeTarget;
			buildConfigurationList = 401724C720233A81008F24BD /* Build configuration list for PBXNativeTarget "Blubyn" */;
			buildPhases = (
				277AE62673BA3F43D132B3DF /* [CP] Check Pods Manifest.lock */,
				401724B120233A80008F24BD /* Sources */,
				401724B220233A80008F24BD /* Frameworks */,
				401724B320233A80008F24BD /* Resources */,
				2FFEB272C9CC252A43434029 /* [CP] Embed Pods Frameworks */,
				D9CF47B00626DF3E8FBC7E9F /* [CP] Copy Pods Resources */,
			);
			buildRules = (
			);
			dependencies = (
			);
			name = Blubyn;
			productName = Blubyn;
			productReference = 401724B520233A81008F24BD /* Blubyn.app */;
			productType = "com.apple.product-type.application";
		};
/* End PBXNativeTarget section */

/* Begin PBXProject section */
		401724AD20233A80008F24BD /* Project object */ = {
			isa = PBXProject;
			attributes = {
				LastSwiftUpdateCheck = 0920;
				LastUpgradeCheck = 0920;
				ORGANIZATIONNAME = "Jogendra Singh";
				TargetAttributes = {
					401724B420233A80008F24BD = {
						CreatedOnToolsVersion = 9.2;
						ProvisioningStyle = Automatic;
						SystemCapabilities = {
							com.apple.Keychain = {
								enabled = 1;
							};
						};
					};
				};
			};
			buildConfigurationList = 401724B020233A80008F24BD /* Build configuration list for PBXProject "Blubyn" */;
			compatibilityVersion = "Xcode 8.0";
			developmentRegion = en;
			hasScannedForEncodings = 0;
			knownRegions = (
				en,
				Base,
			);
			mainGroup = 401724AC20233A80008F24BD;
			productRefGroup = 401724B620233A81008F24BD /* Products */;
			projectDirPath = "";
			projectRoot = "";
			targets = (
				401724B420233A80008F24BD /* Blubyn */,
			);
		};
/* End PBXProject section */

/* Begin PBXResourcesBuildPhase section */
		401724B320233A80008F24BD /* Resources */ = {
			isa = PBXResourcesBuildPhase;
			buildActionMask = 2147483647;
			files = (
				401724C320233A81008F24BD /* LaunchScreen.storyboard in Resources */,
				407749CF2028AA6000B4515A /* OneWayFlightViewCell.xib in Resources */,
				401724C020233A81008F24BD /* Assets.xcassets in Resources */,
				401724BE20233A81008F24BD /* Main.storyboard in Resources */,
				40C010E92029725400E113D8 /* TwoWayFlightViewCell.xib in Resources */,
				4000C1D2202EFB530075BD1B /* GoogleService-Info.plist in Resources */,
			);
			runOnlyForDeploymentPostprocessing = 0;
		};
/* End PBXResourcesBuildPhase section */

/* Begin PBXShellScriptBuildPhase section */
		277AE62673BA3F43D132B3DF /* [CP] Check Pods Manifest.lock */ = {
			isa = PBXShellScriptBuildPhase;
			buildActionMask = 2147483647;
			files = (
			);
			inputPaths = (
				"${PODS_PODFILE_DIR_PATH}/Podfile.lock",
				"${PODS_ROOT}/Manifest.lock",
			);
			name = "[CP] Check Pods Manifest.lock";
			outputPaths = (
				"$(DERIVED_FILE_DIR)/Pods-Blubyn-checkManifestLockResult.txt",
			);
			runOnlyForDeploymentPostprocessing = 0;
			shellPath = /bin/sh;
			shellScript = "diff \"${PODS_PODFILE_DIR_PATH}/Podfile.lock\" \"${PODS_ROOT}/Manifest.lock\" > /dev/null\nif [ $? != 0 ] ; then\n    # print error to STDERR\n    echo \"error: The sandbox is not in sync with the Podfile.lock. Run 'pod install' or update your CocoaPods installation.\" >&2\n    exit 1\nfi\n# This output is used by Xcode 'outputs' to avoid re-running this script phase.\necho \"SUCCESS\" > \"${SCRIPT_OUTPUT_FILE_0}\"\n";
			showEnvVarsInLog = 0;
		};
		2FFEB272C9CC252A43434029 /* [CP] Embed Pods Frameworks */ = {
			isa = PBXShellScriptBuildPhase;
			buildActionMask = 2147483647;
			files = (
			);
			inputPaths = (
				"${SRCROOT}/Pods/Target Support Files/Pods-Blubyn/Pods-Blubyn-frameworks.sh",
				"${BUILT_PRODUCTS_DIR}/Alamofire/Alamofire.framework",
				"${BUILT_PRODUCTS_DIR}/AlamofireImage/AlamofireImage.framework",
				"${BUILT_PRODUCTS_DIR}/Bolts/Bolts.framework",
				"${BUILT_PRODUCTS_DIR}/FBSDKCoreKit/FBSDKCoreKit.framework",
				"${BUILT_PRODUCTS_DIR}/FBSDKLoginKit/FBSDKLoginKit.framework",
				"${BUILT_PRODUCTS_DIR}/FBSDKShareKit/FBSDKShareKit.framework",
				"${BUILT_PRODUCTS_DIR}/FacebookCore/FacebookCore.framework",
				"${BUILT_PRODUCTS_DIR}/FacebookLogin/FacebookLogin.framework",
				"${BUILT_PRODUCTS_DIR}/FacebookShare/FacebookShare.framework",
				"${BUILT_PRODUCTS_DIR}/GTMSessionFetcher/GTMSessionFetcher.framework",
				"${BUILT_PRODUCTS_DIR}/GoogleToolboxForMac/GoogleToolboxForMac.framework",
				"${BUILT_PRODUCTS_DIR}/nanopb/nanopb.framework",
			);
			name = "[CP] Embed Pods Frameworks";
			outputPaths = (
				"${TARGET_BUILD_DIR}/${FRAMEWORKS_FOLDER_PATH}/Alamofire.framework",
				"${TARGET_BUILD_DIR}/${FRAMEWORKS_FOLDER_PATH}/AlamofireImage.framework",
				"${TARGET_BUILD_DIR}/${FRAMEWORKS_FOLDER_PATH}/Bolts.framework",
				"${TARGET_BUILD_DIR}/${FRAMEWORKS_FOLDER_PATH}/FBSDKCoreKit.framework",
				"${TARGET_BUILD_DIR}/${FRAMEWORKS_FOLDER_PATH}/FBSDKLoginKit.framework",
				"${TARGET_BUILD_DIR}/${FRAMEWORKS_FOLDER_PATH}/FBSDKShareKit.framework",
				"${TARGET_BUILD_DIR}/${FRAMEWORKS_FOLDER_PATH}/FacebookCore.framework",
				"${TARGET_BUILD_DIR}/${FRAMEWORKS_FOLDER_PATH}/FacebookLogin.framework",
				"${TARGET_BUILD_DIR}/${FRAMEWORKS_FOLDER_PATH}/FacebookShare.framework",
				"${TARGET_BUILD_DIR}/${FRAMEWORKS_FOLDER_PATH}/GTMSessionFetcher.framework",
				"${TARGET_BUILD_DIR}/${FRAMEWORKS_FOLDER_PATH}/GoogleToolboxForMac.framework",
				"${TARGET_BUILD_DIR}/${FRAMEWORKS_FOLDER_PATH}/nanopb.framework",
			);
			runOnlyForDeploymentPostprocessing = 0;
			shellPath = /bin/sh;
			shellScript = "\"${SRCROOT}/Pods/Target Support Files/Pods-Blubyn/Pods-Blubyn-frameworks.sh\"\n";
			showEnvVarsInLog = 0;
		};
		D9CF47B00626DF3E8FBC7E9F /* [CP] Copy Pods Resources */ = {
			isa = PBXShellScriptBuildPhase;
			buildActionMask = 2147483647;
			files = (
			);
			inputPaths = (
			);
			name = "[CP] Copy Pods Resources";
			outputPaths = (
			);
			runOnlyForDeploymentPostprocessing = 0;
			shellPath = /bin/sh;
			shellScript = "\"${SRCROOT}/Pods/Target Support Files/Pods-Blubyn/Pods-Blubyn-resources.sh\"\n";
			showEnvVarsInLog = 0;
		};
/* End PBXShellScriptBuildPhase section */

/* Begin PBXSourcesBuildPhase section */
		401724B120233A80008F24BD /* Sources */ = {
			isa = PBXSourcesBuildPhase;
			buildActionMask = 2147483647;
			files = (
				40ADAB75202785AA000DD816 /* Toast.swift in Sources */,
				40ADAB672025F9E7000DD816 /* JSTextField.swift in Sources */,
				4000C1D720300D630075BD1B /* Network.swift in Sources */,
				40ADAB842027861D000DD816 /* SwiftyJSON.swift in Sources */,
				40C010E82029725400E113D8 /* TwoWayFlightViewCell.swift in Sources */,
				4000C1D4202F425E0075BD1B /* AppConstants.swift in Sources */,
				4095E3CE2025E0F10088A80F /* ProfileViewController.swift in Sources */,
				4000C1D820300D630075BD1B /* WheelstreetViews.swift in Sources */,
				40ADAB692025FC7F000DD816 /* TextFieldEffects.swift in Sources */,
				4095E3CB2025BC760088A80F /* SideBar.swift in Sources */,
				40ADAB73202785AA000DD816 /* PulseAnimation.swift in Sources */,
				407749CE2028AA6000B4515A /* OneWayFlightViewCell.swift in Sources */,
				4095E3CA2025BC760088A80F /* SideBarTableViewController.swift in Sources */,
				4039760620249409000A3AF2 /* ChatLogController.swift in Sources */,
				40ADAB8A20279391000DD816 /* ChatMessagesCell.swift in Sources */,
				40ADAB76202785AA000DD816 /* DeviceSizes.swift in Sources */,
				40ADAB72202785AA000DD816 /* ActivityIndicator.swift in Sources */,
				40ADAB852027861D000DD816 /* Location.swift in Sources */,
				40ADAB77202785AA000DD816 /* Extensions.swift in Sources */,
				40ADAB832027861D000DD816 /* UIView+Reusable.swift in Sources */,
				401724BB20233A81008F24BD /* LoginViewController.swift in Sources */,
				401724B920233A81008F24BD /* AppDelegate.swift in Sources */,
				40ADAB862027861D000DD816 /* Reachability.swift in Sources */,
				40ADAB6B2026C553000DD816 /* SettingsTableViewController.swift in Sources */,
				40ADAB74202785AA000DD816 /* Utils.swift in Sources */,
			);
			runOnlyForDeploymentPostprocessing = 0;
		};
/* End PBXSourcesBuildPhase section */

/* Begin PBXVariantGroup section */
		401724BC20233A81008F24BD /* Main.storyboard */ = {
			isa = PBXVariantGroup;
			children = (
				401724BD20233A81008F24BD /* Base */,
			);
			name = Main.storyboard;
			sourceTree = "<group>";
		};
		401724C120233A81008F24BD /* LaunchScreen.storyboard */ = {
			isa = PBXVariantGroup;
			children = (
				401724C220233A81008F24BD /* Base */,
			);
			name = LaunchScreen.storyboard;
			sourceTree = "<group>";
		};
/* End PBXVariantGroup section */

/* Begin XCBuildConfiguration section */
		401724C520233A81008F24BD /* Debug */ = {
			isa = XCBuildConfiguration;
			buildSettings = {
				ALWAYS_SEARCH_USER_PATHS = NO;
				CLANG_ANALYZER_NONNULL = YES;
				CLANG_ANALYZER_NUMBER_OBJECT_CONVERSION = YES_AGGRESSIVE;
				CLANG_CXX_LANGUAGE_STANDARD = "gnu++14";
				CLANG_CXX_LIBRARY = "libc++";
				CLANG_ENABLE_MODULES = YES;
				CLANG_ENABLE_OBJC_ARC = YES;
				CLANG_WARN_BLOCK_CAPTURE_AUTORELEASING = YES;
				CLANG_WARN_BOOL_CONVERSION = YES;
				CLANG_WARN_COMMA = YES;
				CLANG_WARN_CONSTANT_CONVERSION = YES;
				CLANG_WARN_DIRECT_OBJC_ISA_USAGE = YES_ERROR;
				CLANG_WARN_DOCUMENTATION_COMMENTS = YES;
				CLANG_WARN_EMPTY_BODY = YES;
				CLANG_WARN_ENUM_CONVERSION = YES;
				CLANG_WARN_INFINITE_RECURSION = YES;
				CLANG_WARN_INT_CONVERSION = YES;
				CLANG_WARN_NON_LITERAL_NULL_CONVERSION = YES;
				CLANG_WARN_OBJC_LITERAL_CONVERSION = YES;
				CLANG_WARN_OBJC_ROOT_CLASS = YES_ERROR;
				CLANG_WARN_RANGE_LOOP_ANALYSIS = YES;
				CLANG_WARN_STRICT_PROTOTYPES = YES;
				CLANG_WARN_SUSPICIOUS_MOVE = YES;
				CLANG_WARN_UNGUARDED_AVAILABILITY = YES_AGGRESSIVE;
				CLANG_WARN_UNREACHABLE_CODE = YES;
				CLANG_WARN__DUPLICATE_METHOD_MATCH = YES;
				CODE_SIGN_IDENTITY = "iPhone Developer";
				COPY_PHASE_STRIP = NO;
				DEBUG_INFORMATION_FORMAT = dwarf;
				ENABLE_STRICT_OBJC_MSGSEND = YES;
				ENABLE_TESTABILITY = YES;
				GCC_C_LANGUAGE_STANDARD = gnu11;
				GCC_DYNAMIC_NO_PIC = NO;
				GCC_NO_COMMON_BLOCKS = YES;
				GCC_OPTIMIZATION_LEVEL = 0;
				GCC_PREPROCESSOR_DEFINITIONS = (
					"DEBUG=1",
					"$(inherited)",
				);
				GCC_WARN_64_TO_32_BIT_CONVERSION = YES;
				GCC_WARN_ABOUT_RETURN_TYPE = YES_ERROR;
				GCC_WARN_UNDECLARED_SELECTOR = YES;
				GCC_WARN_UNINITIALIZED_AUTOS = YES_AGGRESSIVE;
				GCC_WARN_UNUSED_FUNCTION = YES;
				GCC_WARN_UNUSED_VARIABLE = YES;
				IPHONEOS_DEPLOYMENT_TARGET = 11.2;
				MTL_ENABLE_DEBUG_INFO = YES;
				ONLY_ACTIVE_ARCH = YES;
				SDKROOT = iphoneos;
				SWIFT_ACTIVE_COMPILATION_CONDITIONS = DEBUG;
				SWIFT_OPTIMIZATION_LEVEL = "-Onone";
			};
			name = Debug;
		};
		401724C620233A81008F24BD /* Release */ = {
			isa = XCBuildConfiguration;
			buildSettings = {
				ALWAYS_SEARCH_USER_PATHS = NO;
				CLANG_ANALYZER_NONNULL = YES;
				CLANG_ANALYZER_NUMBER_OBJECT_CONVERSION = YES_AGGRESSIVE;
				CLANG_CXX_LANGUAGE_STANDARD = "gnu++14";
				CLANG_CXX_LIBRARY = "libc++";
				CLANG_ENABLE_MODULES = YES;
				CLANG_ENABLE_OBJC_ARC = YES;
				CLANG_WARN_BLOCK_CAPTURE_AUTORELEASING = YES;
				CLANG_WARN_BOOL_CONVERSION = YES;
				CLANG_WARN_COMMA = YES;
				CLANG_WARN_CONSTANT_CONVERSION = YES;
				CLANG_WARN_DIRECT_OBJC_ISA_USAGE = YES_ERROR;
				CLANG_WARN_DOCUMENTATION_COMMENTS = YES;
				CLANG_WARN_EMPTY_BODY = YES;
				CLANG_WARN_ENUM_CONVERSION = YES;
				CLANG_WARN_INFINITE_RECURSION = YES;
				CLANG_WARN_INT_CONVERSION = YES;
				CLANG_WARN_NON_LITERAL_NULL_CONVERSION = YES;
				CLANG_WARN_OBJC_LITERAL_CONVERSION = YES;
				CLANG_WARN_OBJC_ROOT_CLASS = YES_ERROR;
				CLANG_WARN_RANGE_LOOP_ANALYSIS = YES;
				CLANG_WARN_STRICT_PROTOTYPES = YES;
				CLANG_WARN_SUSPICIOUS_MOVE = YES;
				CLANG_WARN_UNGUARDED_AVAILABILITY = YES_AGGRESSIVE;
				CLANG_WARN_UNREACHABLE_CODE = YES;
				CLANG_WARN__DUPLICATE_METHOD_MATCH = YES;
				CODE_SIGN_IDENTITY = "iPhone Developer";
				COPY_PHASE_STRIP = NO;
				DEBUG_INFORMATION_FORMAT = "dwarf-with-dsym";
				ENABLE_NS_ASSERTIONS = NO;
				ENABLE_STRICT_OBJC_MSGSEND = YES;
				GCC_C_LANGUAGE_STANDARD = gnu11;
				GCC_NO_COMMON_BLOCKS = YES;
				GCC_WARN_64_TO_32_BIT_CONVERSION = YES;
				GCC_WARN_ABOUT_RETURN_TYPE = YES_ERROR;
				GCC_WARN_UNDECLARED_SELECTOR = YES;
				GCC_WARN_UNINITIALIZED_AUTOS = YES_AGGRESSIVE;
				GCC_WARN_UNUSED_FUNCTION = YES;
				GCC_WARN_UNUSED_VARIABLE = YES;
				IPHONEOS_DEPLOYMENT_TARGET = 11.2;
				MTL_ENABLE_DEBUG_INFO = NO;
				SDKROOT = iphoneos;
				SWIFT_OPTIMIZATION_LEVEL = "-Owholemodule";
				VALIDATE_PRODUCT = YES;
			};
			name = Release;
		};
		401724C820233A81008F24BD /* Debug */ = {
			isa = XCBuildConfiguration;
			baseConfigurationReference = F481D7FCD3FC9211A4D2EDEB /* Pods-Blubyn.debug.xcconfig */;
			buildSettings = {
				ASSETCATALOG_COMPILER_APPICON_NAME = AppIcon;
				CODE_SIGN_ENTITLEMENTS = "";
				CODE_SIGN_STYLE = Automatic;
				DEVELOPMENT_TEAM = 7P4K4M8A4Q;
				INFOPLIST_FILE = "$(SRCROOT)/Blubyn/Supporting Files/Info.plist";
				LD_RUNPATH_SEARCH_PATHS = "$(inherited) @executable_path/Frameworks";
				PRODUCT_BUNDLE_IDENTIFIER = jog.Blubyn;
				PRODUCT_NAME = "$(TARGET_NAME)";
				SWIFT_VERSION = 4.0;
				TARGETED_DEVICE_FAMILY = "1,2";
			};
			name = Debug;
		};
		401724C920233A81008F24BD /* Release */ = {
			isa = XCBuildConfiguration;
			baseConfigurationReference = 23DF05E6E384076C5DE26A02 /* Pods-Blubyn.release.xcconfig */;
			buildSettings = {
				ASSETCATALOG_COMPILER_APPICON_NAME = AppIcon;
				CODE_SIGN_ENTITLEMENTS = "";
				CODE_SIGN_STYLE = Automatic;
				DEVELOPMENT_TEAM = 7P4K4M8A4Q;
				INFOPLIST_FILE = "$(SRCROOT)/Blubyn/Supporting Files/Info.plist";
				LD_RUNPATH_SEARCH_PATHS = "$(inherited) @executable_path/Frameworks";
				PRODUCT_BUNDLE_IDENTIFIER = jog.Blubyn;
				PRODUCT_NAME = "$(TARGET_NAME)";
				SWIFT_VERSION = 4.0;
				TARGETED_DEVICE_FAMILY = "1,2";
			};
			name = Release;
		};
/* End XCBuildConfiguration section */

/* Begin XCConfigurationList section */
		401724B020233A80008F24BD /* Build configuration list for PBXProject "Blubyn" */ = {
			isa = XCConfigurationList;
			buildConfigurations = (
				401724C520233A81008F24BD /* Debug */,
				401724C620233A81008F24BD /* Release */,
			);
			defaultConfigurationIsVisible = 0;
			defaultConfigurationName = Release;
		};
		401724C720233A81008F24BD /* Build configuration list for PBXNativeTarget "Blubyn" */ = {
			isa = XCConfigurationList;
			buildConfigurations = (
				401724C820233A81008F24BD /* Debug */,
				401724C920233A81008F24BD /* Release */,
			);
			defaultConfigurationIsVisible = 0;
			defaultConfigurationName = Release;
		};
/* End XCConfigurationList section */
	};
	rootObject = 401724AD20233A80008F24BD /* Project object */;
}
